// !$*UTF8*$!
{
	archiveVersion = 1;
	classes = {
	};
	objectVersion = 46;
	objects = {

/* Begin PBXBuildFile section */
		C55293F7161CB67E00C451AC /* Default-568h@2x.png in Resources */ = {isa = PBXBuildFile; fileRef = C55293F6161CB67E00C451AC /* Default-568h@2x.png */; };
		C55293FA161CB6E300C451AC /* BTKNote.m in Sources */ = {isa = PBXBuildFile; fileRef = C55293F9161CB6E200C451AC /* BTKNote.m */; };
		C55293FD161CB70D00C451AC /* BTKNoteDataController.m in Sources */ = {isa = PBXBuildFile; fileRef = C55293FC161CB70D00C451AC /* BTKNoteDataController.m */; };
		C588FFD6161BE00400FDF3F0 /* BTKMasterViewController.m in Sources */ = {isa = PBXBuildFile; fileRef = C588FFD3161BE00400FDF3F0 /* BTKMasterViewController.m */; };
		C588FFD7161BE00400FDF3F0 /* BTKDetailViewController.m in Sources */ = {isa = PBXBuildFile; fileRef = C588FFD5161BE00400FDF3F0 /* BTKDetailViewController.m */; };
		C5AF7983161B4C5E008094EB /* UIKit.framework in Frameworks */ = {isa = PBXBuildFile; fileRef = C5AF7982161B4C5E008094EB /* UIKit.framework */; };
		C5AF7985161B4C5E008094EB /* Foundation.framework in Frameworks */ = {isa = PBXBuildFile; fileRef = C5AF7984161B4C5E008094EB /* Foundation.framework */; };
		C5AF7987161B4C5E008094EB /* CoreGraphics.framework in Frameworks */ = {isa = PBXBuildFile; fileRef = C5AF7986161B4C5E008094EB /* CoreGraphics.framework */; };
		C5AF798D161B4C5E008094EB /* InfoPlist.strings in Resources */ = {isa = PBXBuildFile; fileRef = C5AF798B161B4C5E008094EB /* InfoPlist.strings */; };
		C5AF798F161B4C5E008094EB /* main.m in Sources */ = {isa = PBXBuildFile; fileRef = C5AF798E161B4C5E008094EB /* main.m */; };
		C5AF7993161B4C5E008094EB /* BTKAppDelegate.m in Sources */ = {isa = PBXBuildFile; fileRef = C5AF7992161B4C5E008094EB /* BTKAppDelegate.m */; };
		C5AF7996161B4C5E008094EB /* MainStoryboard.storyboard in Resources */ = {isa = PBXBuildFile; fileRef = C5AF7994161B4C5E008094EB /* MainStoryboard.storyboard */; };
		C5AF79A0161B4C5F008094EB /* BTKSecondViewController.m in Sources */ = {isa = PBXBuildFile; fileRef = C5AF799F161B4C5F008094EB /* BTKSecondViewController.m */; };
		C5AF79A2161B4C5F008094EB /* second.png in Resources */ = {isa = PBXBuildFile; fileRef = C5AF79A1161B4C5F008094EB /* second.png */; };
		C5AF79A4161B4C5F008094EB /* second@2x.png in Resources */ = {isa = PBXBuildFile; fileRef = C5AF79A3161B4C5F008094EB /* second@2x.png */; };
		C5AF79AB161B4D16008094EB /* README.md in Resources */ = {isa = PBXBuildFile; fileRef = C5AF79AA161B4D16008094EB /* README.md */; };
/* End PBXBuildFile section */

/* Begin PBXFileReference section */
		C55293F6161CB67E00C451AC /* Default-568h@2x.png */ = {isa = PBXFileReference; lastKnownFileType = image.png; name = "Default-568h@2x.png"; path = "../Default-568h@2x.png"; sourceTree = "<group>"; };
		C55293F8161CB6E200C451AC /* BTKNote.h */ = {isa = PBXFileReference; fileEncoding = 4; lastKnownFileType = sourcecode.c.h; path = BTKNote.h; sourceTree = "<group>"; };
		C55293F9161CB6E200C451AC /* BTKNote.m */ = {isa = PBXFileReference; fileEncoding = 4; lastKnownFileType = sourcecode.c.objc; path = BTKNote.m; sourceTree = "<group>"; };
		C55293FB161CB70D00C451AC /* BTKNoteDataController.h */ = {isa = PBXFileReference; fileEncoding = 4; lastKnownFileType = sourcecode.c.h; path = BTKNoteDataController.h; sourceTree = "<group>"; };
		C55293FC161CB70D00C451AC /* BTKNoteDataController.m */ = {isa = PBXFileReference; fileEncoding = 4; lastKnownFileType = sourcecode.c.objc; path = BTKNoteDataController.m; sourceTree = "<group>"; };
		C588FFD2161BE00400FDF3F0 /* BTKMasterViewController.h */ = {isa = PBXFileReference; fileEncoding = 4; lastKnownFileType = sourcecode.c.h; path = BTKMasterViewController.h; sourceTree = "<group>"; };
		C588FFD3161BE00400FDF3F0 /* BTKMasterViewController.m */ = {isa = PBXFileReference; fileEncoding = 4; lastKnownFileType = sourcecode.c.objc; path = BTKMasterViewController.m; sourceTree = "<group>"; };
		C588FFD4161BE00400FDF3F0 /* BTKDetailViewController.h */ = {isa = PBXFileReference; fileEncoding = 4; lastKnownFileType = sourcecode.c.h; path = BTKDetailViewController.h; sourceTree = "<group>"; };
		C588FFD5161BE00400FDF3F0 /* BTKDetailViewController.m */ = {isa = PBXFileReference; fileEncoding = 4; lastKnownFileType = sourcecode.c.objc; path = BTKDetailViewController.m; sourceTree = "<group>"; };
		C5AF797E161B4C5E008094EB /* Notes.app */ = {isa = PBXFileReference; explicitFileType = wrapper.application; includeInIndex = 0; path = Notes.app; sourceTree = BUILT_PRODUCTS_DIR; };
		C5AF7982161B4C5E008094EB /* UIKit.framework */ = {isa = PBXFileReference; lastKnownFileType = wrapper.framework; name = UIKit.framework; path = System/Library/Frameworks/UIKit.framework; sourceTree = SDKROOT; };
		C5AF7984161B4C5E008094EB /* Foundation.framework */ = {isa = PBXFileReference; lastKnownFileType = wrapper.framework; name = Foundation.framework; path = System/Library/Frameworks/Foundation.framework; sourceTree = SDKROOT; };
		C5AF7986161B4C5E008094EB /* CoreGraphics.framework */ = {isa = PBXFileReference; lastKnownFileType = wrapper.framework; name = CoreGraphics.framework; path = System/Library/Frameworks/CoreGraphics.framework; sourceTree = SDKROOT; };
		C5AF798A161B4C5E008094EB /* Notes-Info.plist */ = {isa = PBXFileReference; lastKnownFileType = text.plist.xml; path = "Notes-Info.plist"; sourceTree = "<group>"; };
		C5AF798C161B4C5E008094EB /* en */ = {isa = PBXFileReference; lastKnownFileType = text.plist.strings; name = en; path = en.lproj/InfoPlist.strings; sourceTree = "<group>"; };
		C5AF798E161B4C5E008094EB /* main.m */ = {isa = PBXFileReference; lastKnownFileType = sourcecode.c.objc; path = main.m; sourceTree = "<group>"; };
		C5AF7990161B4C5E008094EB /* Notes-Prefix.pch */ = {isa = PBXFileReference; lastKnownFileType = sourcecode.c.h; path = "Notes-Prefix.pch"; sourceTree = "<group>"; };
		C5AF7991161B4C5E008094EB /* BTKAppDelegate.h */ = {isa = PBXFileReference; lastKnownFileType = sourcecode.c.h; path = BTKAppDelegate.h; sourceTree = "<group>"; };
		C5AF7992161B4C5E008094EB /* BTKAppDelegate.m */ = {isa = PBXFileReference; lastKnownFileType = sourcecode.c.objc; path = BTKAppDelegate.m; sourceTree = "<group>"; };
		C5AF7995161B4C5E008094EB /* en */ = {isa = PBXFileReference; lastKnownFileType = file.storyboard; name = en; path = en.lproj/MainStoryboard.storyboard; sourceTree = "<group>"; };
		C5AF799E161B4C5F008094EB /* BTKSecondViewController.h */ = {isa = PBXFileReference; lastKnownFileType = sourcecode.c.h; path = BTKSecondViewController.h; sourceTree = "<group>"; };
		C5AF799F161B4C5F008094EB /* BTKSecondViewController.m */ = {isa = PBXFileReference; lastKnownFileType = sourcecode.c.objc; path = BTKSecondViewController.m; sourceTree = "<group>"; };
		C5AF79A1161B4C5F008094EB /* second.png */ = {isa = PBXFileReference; lastKnownFileType = image.png; path = second.png; sourceTree = "<group>"; };
		C5AF79A3161B4C5F008094EB /* second@2x.png */ = {isa = PBXFileReference; lastKnownFileType = image.png; path = "second@2x.png"; sourceTree = "<group>"; };
		C5AF79AA161B4D16008094EB /* README.md */ = {isa = PBXFileReference; fileEncoding = 4; lastKnownFileType = text; path = README.md; sourceTree = "<group>"; };
/* End PBXFileReference section */

/* Begin PBXFrameworksBuildPhase section */
		C5AF797B161B4C5E008094EB /* Frameworks */ = {
			isa = PBXFrameworksBuildPhase;
			buildActionMask = 2147483647;
			files = (
				C5AF7983161B4C5E008094EB /* UIKit.framework in Frameworks */,
				C5AF7985161B4C5E008094EB /* Foundation.framework in Frameworks */,
				C5AF7987161B4C5E008094EB /* CoreGraphics.framework in Frameworks */,
			);
			runOnlyForDeploymentPostprocessing = 0;
		};
/* End PBXFrameworksBuildPhase section */

/* Begin PBXGroup section */
		C5AF7973161B4C5E008094EB = {
			isa = PBXGroup;
			children = (
				C5AF79AA161B4D16008094EB /* README.md */,
				C5AF7988161B4C5E008094EB /* Notes */,
				C5AF7981161B4C5E008094EB /* Frameworks */,
				C5AF797F161B4C5E008094EB /* Products */,
			);
			sourceTree = "<group>";
		};
		C5AF797F161B4C5E008094EB /* Products */ = {
			isa = PBXGroup;
			children = (
				C5AF797E161B4C5E008094EB /* Notes.app */,
			);
			name = Products;
			sourceTree = "<group>";
		};
		C5AF7981161B4C5E008094EB /* Frameworks */ = {
			isa = PBXGroup;
			children = (
				C5AF7982161B4C5E008094EB /* UIKit.framework */,
				C5AF7984161B4C5E008094EB /* Foundation.framework */,
				C5AF7986161B4C5E008094EB /* CoreGraphics.framework */,
			);
			name = Frameworks;
			sourceTree = "<group>";
		};
		C5AF7988161B4C5E008094EB /* Notes */ = {
			isa = PBXGroup;
			children = (
				C55293F6161CB67E00C451AC /* Default-568h@2x.png */,
				C55293FB161CB70D00C451AC /* BTKNoteDataController.h */,
				C55293FC161CB70D00C451AC /* BTKNoteDataController.m */,
				C55293F8161CB6E200C451AC /* BTKNote.h */,
				C55293F9161CB6E200C451AC /* BTKNote.m */,
				C588FFD2161BE00400FDF3F0 /* BTKMasterViewController.h */,
				C588FFD3161BE00400FDF3F0 /* BTKMasterViewController.m */,
				C588FFD4161BE00400FDF3F0 /* BTKDetailViewController.h */,
				C588FFD5161BE00400FDF3F0 /* BTKDetailViewController.m */,
				C5AF7991161B4C5E008094EB /* BTKAppDelegate.h */,
				C5AF7992161B4C5E008094EB /* BTKAppDelegate.m */,
				C5AF7994161B4C5E008094EB /* MainStoryboard.storyboard */,
				C5AF799E161B4C5F008094EB /* BTKSecondViewController.h */,
				C5AF799F161B4C5F008094EB /* BTKSecondViewController.m */,
				C5AF79A1161B4C5F008094EB /* second.png */,
				C5AF79A3161B4C5F008094EB /* second@2x.png */,
				C5AF7989161B4C5E008094EB /* Supporting Files */,
			);
			path = Notes;
			sourceTree = "<group>";
		};
		C5AF7989161B4C5E008094EB /* Supporting Files */ = {
			isa = PBXGroup;
			children = (
				C5AF798A161B4C5E008094EB /* Notes-Info.plist */,
				C5AF798B161B4C5E008094EB /* InfoPlist.strings */,
				C5AF798E161B4C5E008094EB /* main.m */,
				C5AF7990161B4C5E008094EB /* Notes-Prefix.pch */,
			);
			name = "Supporting Files";
			sourceTree = "<group>";
		};
/* End PBXGroup section */

/* Begin PBXNativeTarget section */
		C5AF797D161B4C5E008094EB /* Notes */ = {
			isa = PBXNativeTarget;
			buildConfigurationList = C5AF79A7161B4C5F008094EB /* Build configuration list for PBXNativeTarget "Notes" */;
			buildPhases = (
				C5AF797A161B4C5E008094EB /* Sources */,
				C5AF797B161B4C5E008094EB /* Frameworks */,
				C5AF797C161B4C5E008094EB /* Resources */,
			);
			buildRules = (
			);
			dependencies = (
			);
			name = Notes;
			productName = Notes;
			productReference = C5AF797E161B4C5E008094EB /* Notes.app */;
			productType = "com.apple.product-type.application";
		};
/* End PBXNativeTarget section */

/* Begin PBXProject section */
		C5AF7975161B4C5E008094EB /* Project object */ = {
			isa = PBXProject;
			attributes = {
				CLASSPREFIX = BTK;
				LastUpgradeCheck = 0440;
				ORGANIZATIONNAME = "Brandon Krieger";
			};
			buildConfigurationList = C5AF7978161B4C5E008094EB /* Build configuration list for PBXProject "Notes" */;
			compatibilityVersion = "Xcode 3.2";
			developmentRegion = English;
			hasScannedForEncodings = 0;
			knownRegions = (
				en,
			);
			mainGroup = C5AF7973161B4C5E008094EB;
			productRefGroup = C5AF797F161B4C5E008094EB /* Products */;
			projectDirPath = "";
			projectRoot = "";
			targets = (
				C5AF797D161B4C5E008094EB /* Notes */,
			);
		};
/* End PBXProject section */

/* Begin PBXResourcesBuildPhase section */
		C5AF797C161B4C5E008094EB /* Resources */ = {
			isa = PBXResourcesBuildPhase;
			buildActionMask = 2147483647;
			files = (
				C5AF798D161B4C5E008094EB /* InfoPlist.strings in Resources */,
				C5AF7996161B4C5E008094EB /* MainStoryboard.storyboard in Resources */,
				C5AF79A2161B4C5F008094EB /* second.png in Resources */,
				C5AF79A4161B4C5F008094EB /* second@2x.png in Resources */,
				C5AF79AB161B4D16008094EB /* README.md in Resources */,
				C55293F7161CB67E00C451AC /* Default-568h@2x.png in Resources */,
			);
			runOnlyForDeploymentPostprocessing = 0;
		};
/* End PBXResourcesBuildPhase section */

/* Begin PBXSourcesBuildPhase section */
		C5AF797A161B4C5E008094EB /* Sources */ = {
			isa = PBXSourcesBuildPhase;
			buildActionMask = 2147483647;
			files = (
				C5AF798F161B4C5E008094EB /* main.m in Sources */,
				C5AF7993161B4C5E008094EB /* BTKAppDelegate.m in Sources */,
				C5AF79A0161B4C5F008094EB /* BTKSecondViewController.m in Sources */,
				C588FFD6161BE00400FDF3F0 /* BTKMasterViewController.m in Sources */,
				C588FFD7161BE00400FDF3F0 /* BTKDetailViewController.m in Sources */,
				C55293FA161CB6E300C451AC /* BTKNote.m in Sources */,
				C55293FD161CB70D00C451AC /* BTKNoteDataController.m in Sources */,
			);
			runOnlyForDeploymentPostprocessing = 0;
		};
/* End PBXSourcesBuildPhase section */

/* Begin PBXVariantGroup section */
		C5AF798B161B4C5E008094EB /* InfoPlist.strings */ = {
			isa = PBXVariantGroup;
			children = (
				C5AF798C161B4C5E008094EB /* en */,
			);
			name = InfoPlist.strings;
			sourceTree = "<group>";
		};
		C5AF7994161B4C5E008094EB /* MainStoryboard.storyboard */ = {
			isa = PBXVariantGroup;
			children = (
				C5AF7995161B4C5E008094EB /* en */,
			);
			name = MainStoryboard.storyboard;
			sourceTree = "<group>";
		};
/* End PBXVariantGroup section */

/* Begin XCBuildConfiguration section */
		C5AF79A5161B4C5F008094EB /* Debug */ = {
			isa = XCBuildConfiguration;
			buildSettings = {
				ALWAYS_SEARCH_USER_PATHS = NO;
				ARCHS = "$(ARCHS_STANDARD_32_BIT)";
				CLANG_CXX_LANGUAGE_STANDARD = "gnu++0x";
				CLANG_ENABLE_OBJC_ARC = YES;
				CLANG_WARN__DUPLICATE_METHOD_MATCH = YES;
				"CODE_SIGN_IDENTITY[sdk=iphoneos*]" = "iPhone Developer";
				COPY_PHASE_STRIP = NO;
				GCC_C_LANGUAGE_STANDARD = gnu99;
				GCC_DYNAMIC_NO_PIC = NO;
				GCC_OPTIMIZATION_LEVEL = 0;
				GCC_PREPROCESSOR_DEFINITIONS = (
					"DEBUG=1",
					"$(inherited)",
				);
				GCC_SYMBOLS_PRIVATE_EXTERN = NO;
				GCC_VERSION = com.apple.compilers.llvm.clang.1_0;
				GCC_WARN_ABOUT_RETURN_TYPE = YES;
				GCC_WARN_UNINITIALIZED_AUTOS = YES;
				GCC_WARN_UNUSED_VARIABLE = YES;
				IPHONEOS_DEPLOYMENT_TARGET = 5.1;
				SDKROOT = iphoneos;
			};
			name = Debug;
		};
		C5AF79A6161B4C5F008094EB /* Release */ = {
			isa = XCBuildConfiguration;
			buildSettings = {
				ALWAYS_SEARCH_USER_PATHS = NO;
				ARCHS = "$(ARCHS_STANDARD_32_BIT)";
				CLANG_CXX_LANGUAGE_STANDARD = "gnu++0x";
				CLANG_ENABLE_OBJC_ARC = YES;
				CLANG_WARN__DUPLICATE_METHOD_MATCH = YES;
				"CODE_SIGN_IDENTITY[sdk=iphoneos*]" = "iPhone Developer";
				COPY_PHASE_STRIP = YES;
				GCC_C_LANGUAGE_STANDARD = gnu99;
				GCC_VERSION = com.apple.compilers.llvm.clang.1_0;
				GCC_WARN_ABOUT_RETURN_TYPE = YES;
				GCC_WARN_UNINITIALIZED_AUTOS = YES;
				GCC_WARN_UNUSED_VARIABLE = YES;
				IPHONEOS_DEPLOYMENT_TARGET = 5.1;
				OTHER_CFLAGS = "-DNS_BLOCK_ASSERTIONS=1";
				SDKROOT = iphoneos;
				VALIDATE_PRODUCT = YES;
			};
			name = Release;
		};
		C5AF79A8161B4C5F008094EB /* Debug */ = {
			isa = XCBuildConfiguration;
			buildSettings = {
				GCC_PRECOMPILE_PREFIX_HEADER = YES;
				GCC_PREFIX_HEADER = "Notes/Notes-Prefix.pch";
				INFOPLIST_FILE = "Notes/Notes-Info.plist";
				PRODUCT_NAME = "$(TARGET_NAME)";
				WRAPPER_EXTENSION = app;
			};
			name = Debug;
		};
		C5AF79A9161B4C5F008094EB /* Release */ = {
			isa = XCBuildConfiguration;
			buildSettings = {
				GCC_PRECOMPILE_PREFIX_HEADER = YES;
				GCC_PREFIX_HEADER = "Notes/Notes-Prefix.pch";
				INFOPLIST_FILE = "Notes/Notes-Info.plist";
				PRODUCT_NAME = "$(TARGET_NAME)";
				WRAPPER_EXTENSION = app;
			};
			name = Release;
		};
/* End XCBuildConfiguration section */

/* Begin XCConfigurationList section */
		C5AF7978161B4C5E008094EB /* Build configuration list for PBXProject "Notes" */ = {
			isa = XCConfigurationList;
			buildConfigurations = (
				C5AF79A5161B4C5F008094EB /* Debug */,
				C5AF79A6161B4C5F008094EB /* Release */,
			);
			defaultConfigurationIsVisible = 0;
			defaultConfigurationName = Release;
		};
		C5AF79A7161B4C5F008094EB /* Build configuration list for PBXNativeTarget "Notes" */ = {
			isa = XCConfigurationList;
			buildConfigurations = (
				C5AF79A8161B4C5F008094EB /* Debug */,
				C5AF79A9161B4C5F008094EB /* Release */,
			);
			defaultConfigurationIsVisible = 0;
			defaultConfigurationName = Release;
		};
/* End XCConfigurationList section */
	};
	rootObject = C5AF7975161B4C5E008094EB /* Project object */;
}
